
Microsoft Visual Studio Solution File, Format Version 12.00
# Visual Studio Version 16
VisualStudioVersion = 16.0.30503.244
MinimumVisualStudioVersion = 15.0.26124.0
Project("{2150E333-8FDC-42A3-9474-1A3956D46DE8}") = "src", "src", "{378A3E0D-4CEF-48DD-93BB-3E9651985DF7}"
EndProject
Project("{2150E333-8FDC-42A3-9474-1A3956D46DE8}") = "building blocks", "building blocks", "{552EE5F8-3557-403B-AD31-AAA35B39FE80}"
EndProject
Project("{2150E333-8FDC-42A3-9474-1A3956D46DE8}") = "services", "services", "{15D9F2B5-FA02-4AB9-BF46-667054F1D480}"
EndProject
Project("{2150E333-8FDC-42A3-9474-1A3956D46DE8}") = "web", "web", "{77514E3C-D924-412F-94B9-02FBF9583E0D}"
EndProject
Project("{2150E333-8FDC-42A3-9474-1A3956D46DE8}") = "identidade", "identidade", "{46844B51-97CB-4BE0-B9E8-C6DA96161DB2}"
EndProject
Project("{FAE04EC0-301F-11D3-BF4B-00C04F79EFBC}") = "ASD.Identidade.API", "src\services\ASD.Identidade.API\ASD.Identidade.API.csproj", "{2FA93F2C-8E0D-44D1-A741-496EB36CBDBC}"
EndProject
Project("{2150E333-8FDC-42A3-9474-1A3956D46DE8}") = "MVC", "MVC", "{D9347082-1292-40B2-8CBB-C4B8C1B49BFA}"
EndProject
Project("{FAE04EC0-301F-11D3-BF4B-00C04F79EFBC}") = "ASD.WebApp.MVC", "src\web\ASD.WebApp.MVC\ASD.WebApp.MVC.csproj", "{80E7A6D9-3EF0-4CF2-8DBA-0CAD20FB00F8}"
EndProject
Project("{2150E333-8FDC-42A3-9474-1A3956D46DE8}") = "Core", "Core", "{AB6CBE17-2D8C-439C-8A3F-93206CBA2821}"
EndProject
Project("{FAE04EC0-301F-11D3-BF4B-00C04F79EFBC}") = "ASD.Core", "src\building blocks\ASD.Core\ASD.Core.csproj", "{C32FC714-F655-4B55-BBE8-D2F7F30C4930}"
EndProject
Global
	GlobalSection(SolutionConfigurationPlatforms) = preSolution
		Debug|Any CPU = Debug|Any CPU
		Debug|x64 = Debug|x64
		Debug|x86 = Debug|x86
		Release|Any CPU = Release|Any CPU
		Release|x64 = Release|x64
		Release|x86 = Release|x86
	EndGlobalSection
	GlobalSection(ProjectConfigurationPlatforms) = postSolution
		{2FA93F2C-8E0D-44D1-A741-496EB36CBDBC}.Debug|Any CPU.ActiveCfg = Debug|Any CPU
		{2FA93F2C-8E0D-44D1-A741-496EB36CBDBC}.Debug|Any CPU.Build.0 = Debug|Any CPU
		{2FA93F2C-8E0D-44D1-A741-496EB36CBDBC}.Debug|x64.ActiveCfg = Debug|Any CPU
		{2FA93F2C-8E0D-44D1-A741-496EB36CBDBC}.Debug|x64.Build.0 = Debug|Any CPU
		{2FA93F2C-8E0D-44D1-A741-496EB36CBDBC}.Debug|x86.ActiveCfg = Debug|Any CPU
		{2FA93F2C-8E0D-44D1-A741-496EB36CBDBC}.Debug|x86.Build.0 = Debug|Any CPU
		{2FA93F2C-8E0D-44D1-A741-496EB36CBDBC}.Release|Any CPU.ActiveCfg = Release|Any CPU
		{2FA93F2C-8E0D-44D1-A741-496EB36CBDBC}.Release|Any CPU.Build.0 = Release|Any CPU
		{2FA93F2C-8E0D-44D1-A741-496EB36CBDBC}.Release|x64.ActiveCfg = Release|Any CPU
		{2FA93F2C-8E0D-44D1-A741-496EB36CBDBC}.Release|x64.Build.0 = Release|Any CPU
		{2FA93F2C-8E0D-44D1-A741-496EB36CBDBC}.Release|x86.ActiveCfg = Release|Any CPU
		{2FA93F2C-8E0D-44D1-A741-496EB36CBDBC}.Release|x86.Build.0 = Release|Any CPU
		{80E7A6D9-3EF0-4CF2-8DBA-0CAD20FB00F8}.Debug|Any CPU.ActiveCfg = Debug|Any CPU
		{80E7A6D9-3EF0-4CF2-8DBA-0CAD20FB00F8}.Debug|Any CPU.Build.0 = Debug|Any CPU
		{80E7A6D9-3EF0-4CF2-8DBA-0CAD20FB00F8}.Debug|x64.ActiveCfg = Debug|Any CPU
		{80E7A6D9-3EF0-4CF2-8DBA-0CAD20FB00F8}.Debug|x64.Build.0 = Debug|Any CPU
		{80E7A6D9-3EF0-4CF2-8DBA-0CAD20FB00F8}.Debug|x86.ActiveCfg = Debug|Any CPU
		{80E7A6D9-3EF0-4CF2-8DBA-0CAD20FB00F8}.Debug|x86.Build.0 = Debug|Any CPU
		{80E7A6D9-3EF0-4CF2-8DBA-0CAD20FB00F8}.Release|Any CPU.ActiveCfg = Release|Any CPU
		{80E7A6D9-3EF0-4CF2-8DBA-0CAD20FB00F8}.Release|Any CPU.Build.0 = Release|Any CPU
		{80E7A6D9-3EF0-4CF2-8DBA-0CAD20FB00F8}.Release|x64.ActiveCfg = Release|Any CPU
		{80E7A6D9-3EF0-4CF2-8DBA-0CAD20FB00F8}.Release|x64.Build.0 = Release|Any CPU
		{80E7A6D9-3EF0-4CF2-8DBA-0CAD20FB00F8}.Release|x86.ActiveCfg = Release|Any CPU
		{80E7A6D9-3EF0-4CF2-8DBA-0CAD20FB00F8}.Release|x86.Build.0 = Release|Any CPU
		{C32FC714-F655-4B55-BBE8-D2F7F30C4930}.Debug|Any CPU.ActiveCfg = Debug|Any CPU
		{C32FC714-F655-4B55-BBE8-D2F7F30C4930}.Debug|Any CPU.Build.0 = Debug|Any CPU
		{C32FC714-F655-4B55-BBE8-D2F7F30C4930}.Debug|x64.ActiveCfg = Debug|Any CPU
		{C32FC714-F655-4B55-BBE8-D2F7F30C4930}.Debug|x64.Build.0 = Debug|Any CPU
		{C32FC714-F655-4B55-BBE8-D2F7F30C4930}.Debug|x86.ActiveCfg = Debug|Any CPU
		{C32FC714-F655-4B55-BBE8-D2F7F30C4930}.Debug|x86.Build.0 = Debug|Any CPU
		{C32FC714-F655-4B55-BBE8-D2F7F30C4930}.Release|Any CPU.ActiveCfg = Release|Any CPU
		{C32FC714-F655-4B55-BBE8-D2F7F30C4930}.Release|Any CPU.Build.0 = Release|Any CPU
		{C32FC714-F655-4B55-BBE8-D2F7F30C4930}.Release|x64.ActiveCfg = Release|Any CPU
		{C32FC714-F655-4B55-BBE8-D2F7F30C4930}.Release|x64.Build.0 = Release|Any CPU
		{C32FC714-F655-4B55-BBE8-D2F7F30C4930}.Release|x86.ActiveCfg = Release|Any CPU
		{C32FC714-F655-4B55-BBE8-D2F7F30C4930}.Release|x86.Build.0 = Release|Any CPU
	EndGlobalSection
	GlobalSection(SolutionProperties) = preSolution
		HideSolutionNode = FALSE
	EndGlobalSection
	GlobalSection(NestedProjects) = preSolution
		{552EE5F8-3557-403B-AD31-AAA35B39FE80} = {378A3E0D-4CEF-48DD-93BB-3E9651985DF7}
		{15D9F2B5-FA02-4AB9-BF46-667054F1D480} = {378A3E0D-4CEF-48DD-93BB-3E9651985DF7}
		{77514E3C-D924-412F-94B9-02FBF9583E0D} = {378A3E0D-4CEF-48DD-93BB-3E9651985DF7}
		{46844B51-97CB-4BE0-B9E8-C6DA96161DB2} = {15D9F2B5-FA02-4AB9-BF46-667054F1D480}
		{2FA93F2C-8E0D-44D1-A741-496EB36CBDBC} = {46844B51-97CB-4BE0-B9E8-C6DA96161DB2}
		{D9347082-1292-40B2-8CBB-C4B8C1B49BFA} = {77514E3C-D924-412F-94B9-02FBF9583E0D}
		{80E7A6D9-3EF0-4CF2-8DBA-0CAD20FB00F8} = {D9347082-1292-40B2-8CBB-C4B8C1B49BFA}
		{AB6CBE17-2D8C-439C-8A3F-93206CBA2821} = {552EE5F8-3557-403B-AD31-AAA35B39FE80}
		{C32FC714-F655-4B55-BBE8-D2F7F30C4930} = {AB6CBE17-2D8C-439C-8A3F-93206CBA2821}
	EndGlobalSection
	GlobalSection(ExtensibilityGlobals) = postSolution
		SolutionGuid = {5A3C365F-3CCF-4BC0-B987-DFAC4D5A6F9A}
	EndGlobalSection
EndGlobal
